
Microsoft Visual Studio Solution File, Format Version 12.00
# Visual Studio Version 17
VisualStudioVersion = 17.11.35303.130
MinimumVisualStudioVersion = 10.0.40219.1
Project("{9A19103F-16F7-4668-BE54-9A1E7A4F7556}") = "ConsoleApp1", "ConsoleApp1.csproj", "{E0FA63D2-067D-414D-A213-3101AAA3199A}"
EndProject
Project("{FAE04EC0-301F-11D3-BF4B-00C04F79EFBC}") = "DLL", "..\DLL\DLL\DLL.csproj", "{A0501387-F6B9-4547-8572-626F75BE1540}"
EndProject
Project("{9A19103F-16F7-4668-BE54-9A1E7A4F7556}") = "Study5", "..\Study5\Study5.csproj", "{4E981F1F-E256-4A9F-8F7C-ADAED4C236B4}"
EndProject
Project("{9A19103F-16F7-4668-BE54-9A1E7A4F7556}") = "Study6", "..\Study6\Study6.csproj", "{14DF5D59-789A-4B71-9471-41F4139BA178}"
EndProject
Project("{FAE04EC0-301F-11D3-BF4B-00C04F79EFBC}") = "Study7", "..\Study7\Study7.csproj", "{10103804-8329-4B64-8BAB-61C2B14A93B4}"
EndProject
Global
	GlobalSection(SolutionConfigurationPlatforms) = preSolution
		Debug|Any CPU = Debug|Any CPU
		Release|Any CPU = Release|Any CPU
	EndGlobalSection
	GlobalSection(ProjectConfigurationPlatforms) = postSolution
		{E0FA63D2-067D-414D-A213-3101AAA3199A}.Debug|Any CPU.ActiveCfg = Debug|Any CPU
		{E0FA63D2-067D-414D-A213-3101AAA3199A}.Debug|Any CPU.Build.0 = Debug|Any CPU
		{E0FA63D2-067D-414D-A213-3101AAA3199A}.Release|Any CPU.ActiveCfg = Release|Any CPU
		{E0FA63D2-067D-414D-A213-3101AAA3199A}.Release|Any CPU.Build.0 = Release|Any CPU
		{A0501387-F6B9-4547-8572-626F75BE1540}.Debug|Any CPU.ActiveCfg = Debug|Any CPU
		{A0501387-F6B9-4547-8572-626F75BE1540}.Debug|Any CPU.Build.0 = Debug|Any CPU
		{A0501387-F6B9-4547-8572-626F75BE1540}.Release|Any CPU.ActiveCfg = Release|Any CPU
		{A0501387-F6B9-4547-8572-626F75BE1540}.Release|Any CPU.Build.0 = Release|Any CPU
		{4E981F1F-E256-4A9F-8F7C-ADAED4C236B4}.Debug|Any CPU.ActiveCfg = Debug|Any CPU
		{4E981F1F-E256-4A9F-8F7C-ADAED4C236B4}.Debug|Any CPU.Build.0 = Debug|Any CPU
		{4E981F1F-E256-4A9F-8F7C-ADAED4C236B4}.Release|Any CPU.ActiveCfg = Release|Any CPU
		{4E981F1F-E256-4A9F-8F7C-ADAED4C236B4}.Release|Any CPU.Build.0 = Release|Any CPU
		{14DF5D59-789A-4B71-9471-41F4139BA178}.Debug|Any CPU.ActiveCfg = Debug|Any CPU
		{14DF5D59-789A-4B71-9471-41F4139BA178}.Debug|Any CPU.Build.0 = Debug|Any CPU
		{14DF5D59-789A-4B71-9471-41F4139BA178}.Release|Any CPU.ActiveCfg = Release|Any CPU
		{14DF5D59-789A-4B71-9471-41F4139BA178}.Release|Any CPU.Build.0 = Release|Any CPU
		{10103804-8329-4B64-8BAB-61C2B14A93B4}.Debug|Any CPU.ActiveCfg = Debug|Any CPU
		{10103804-8329-4B64-8BAB-61C2B14A93B4}.Debug|Any CPU.Build.0 = Debug|Any CPU
		{10103804-8329-4B64-8BAB-61C2B14A93B4}.Release|Any CPU.ActiveCfg = Release|Any CPU
		{10103804-8329-4B64-8BAB-61C2B14A93B4}.Release|Any CPU.Build.0 = Release|Any CPU
	EndGlobalSection
	GlobalSection(SolutionProperties) = preSolution
		HideSolutionNode = FALSE
	EndGlobalSection
	GlobalSection(ExtensibilityGlobals) = postSolution
		SolutionGuid = {E81F28D1-EBFA-45CC-A705-15316B5EEDDE}
	EndGlobalSection
EndGlobal
